{
  "name": "spoolman-klipper-helper",
  "lockfileVersion": 3,
  "requires": true,
  "packages": {
    "": {
      "dependencies": {
        "@bespok3d/builder": "github:Bespok3d/b3-builder"
      }
    },
    "node_modules/@bespok3d/builder": {
      "version": "0.0.1",
      "resolved": "git+ssh://git@github.com/Bespok3d/b3-builder.git#45ddfbb886f647a0e8f74228f5a720b33d344f6b",
      "dependencies": {
        "adm-zip": "^0.5.16",
        "openpgp": "^6.3.0"
      },
      "bin": {
        "b3-builder": "dist/cli/main.js"
      },
      "engines": {
        "node": ">=20"
      }
    },
    "node_modules/adm-zip": {
      "version": "0.5.18",
      "resolved": "https://registry.npmjs.org/adm-zip/-/adm-zip-0.5.18.tgz",
      "integrity": "sha512-ufJnssQGbxzLNS1Ho9bCtX4rQKCCvoVuDLHoJyc3F9dOGDB4BkWs2Ci0kv53lqocAEQ/Cbi+I2XCsNYGqVYqng==",
      "license": "MIT",
      "engines": {
        "node": ">=12.0"
      }
    },
    "node_modules/openpgp": {
      "version": "6.3.1",
      "resolved": "https://registry.npmjs.org/openpgp/-/openpgp-6.3.1.tgz",
      "integrity": "sha512-7oSPvmlKPojxFoyelT5DWPIAVmqWZh4qU/5pO6bdoShEtRpCw9Sye9IXUQj6EFM3XpgGssqccAr705YtTcLNQw==",
      "license": "LGPL-3.0+",
      "engines": {
        "node": ">= 18.0.0",
        "typescript": ">= 5.0.0"
      },
      "peerDependencies": {
        "@openpgp/web-stream-tools": "~0.3.0"
      },
      "peerDependenciesMeta": {
        "@openpgp/web-stream-tools": {
          "optional": true
        }
      }
    }
  }
}
